
Microsoft Visual Studio Solution File, Format Version 12.00
# Visual Studio Version 16
VisualStudioVersion = 16.0.31515.178
MinimumVisualStudioVersion = 10.0.40219.1
Project("{FAE04EC0-301F-11D3-BF4B-00C04F79EFBC}") = "github2", "github2\github2.csproj", "{4760BC99-09D8-41DD-8EE7-A5495673E534}"
EndProject
Global
	GlobalSection(SolutionConfigurationPlatforms) = preSolution
		Debug|Any CPU = Debug|Any CPU
		Release|Any CPU = Release|Any CPU
	EndGlobalSection
	GlobalSection(ProjectConfigurationPlatforms) = postSolution
		{4760BC99-09D8-41DD-8EE7-A5495673E534}.Debug|Any CPU.ActiveCfg = Debug|Any CPU
		{4760BC99-09D8-41DD-8EE7-A5495673E534}.Debug|Any CPU.Build.0 = Debug|Any CPU
		{4760BC99-09D8-41DD-8EE7-A5495673E534}.Release|Any CPU.ActiveCfg = Release|Any CPU
		{4760BC99-09D8-41DD-8EE7-A5495673E534}.Release|Any CPU.Build.0 = Release|Any CPU
	EndGlobalSection
	GlobalSection(SolutionProperties) = preSolution
		HideSolutionNode = FALSE
	EndGlobalSection
	GlobalSection(ExtensibilityGlobals) = postSolution
		SolutionGuid = {FADD5338-4619-4A55-B1E6-55F75CFFF708}
	EndGlobalSection
EndGlobal
